
Microsoft Visual Studio Solution File, Format Version 12.00
# Visual Studio Version 16
VisualStudioVersion = 16.0.29519.181
MinimumVisualStudioVersion = 10.0.40219.1
Project("{FAE04EC0-301F-11D3-BF4B-00C04F79EFBC}") = "Lab10MovieClass", "Lab10MovieClass.csproj", "{CAA04FE1-C60C-4B40-814D-70A7DB77B1C6}"
EndProject
Global
	GlobalSection(SolutionConfigurationPlatforms) = preSolution
		Debug|Any CPU = Debug|Any CPU
		Release|Any CPU = Release|Any CPU
	EndGlobalSection
	GlobalSection(ProjectConfigurationPlatforms) = postSolution
		{CAA04FE1-C60C-4B40-814D-70A7DB77B1C6}.Debug|Any CPU.ActiveCfg = Debug|Any CPU
		{CAA04FE1-C60C-4B40-814D-70A7DB77B1C6}.Debug|Any CPU.Build.0 = Debug|Any CPU
		{CAA04FE1-C60C-4B40-814D-70A7DB77B1C6}.Release|Any CPU.ActiveCfg = Release|Any CPU
		{CAA04FE1-C60C-4B40-814D-70A7DB77B1C6}.Release|Any CPU.Build.0 = Release|Any CPU
	EndGlobalSection
	GlobalSection(SolutionProperties) = preSolution
		HideSolutionNode = FALSE
	EndGlobalSection
	GlobalSection(ExtensibilityGlobals) = postSolution
		SolutionGuid = {D70C395D-10FA-4AFF-A541-C80A621E6818}
	EndGlobalSection
EndGlobal
